
Microsoft Visual Studio Solution File, Format Version 12.00
# Visual Studio Version 17
VisualStudioVersion = 17.6.33815.320
MinimumVisualStudioVersion = 10.0.40219.1
Project("{FAE04EC0-301F-11D3-BF4B-00C04F79EFBC}") = "Phase2Assignment-12", "Phase2Assignment-12\Phase2Assignment-12.csproj", "{8D986AA4-782E-4CDA-9656-DFE71E086EE6}"
EndProject
Global
	GlobalSection(SolutionConfigurationPlatforms) = preSolution
		Debug|Any CPU = Debug|Any CPU
		Release|Any CPU = Release|Any CPU
	EndGlobalSection
	GlobalSection(ProjectConfigurationPlatforms) = postSolution
		{8D986AA4-782E-4CDA-9656-DFE71E086EE6}.Debug|Any CPU.ActiveCfg = Debug|Any CPU
		{8D986AA4-782E-4CDA-9656-DFE71E086EE6}.Debug|Any CPU.Build.0 = Debug|Any CPU
		{8D986AA4-782E-4CDA-9656-DFE71E086EE6}.Release|Any CPU.ActiveCfg = Release|Any CPU
		{8D986AA4-782E-4CDA-9656-DFE71E086EE6}.Release|Any CPU.Build.0 = Release|Any CPU
	EndGlobalSection
	GlobalSection(SolutionProperties) = preSolution
		HideSolutionNode = FALSE
	EndGlobalSection
	GlobalSection(ExtensibilityGlobals) = postSolution
		SolutionGuid = {19F9AE4E-34DD-4F1D-A013-02021542256E}
	EndGlobalSection
EndGlobal
